[[dependencies]]
name = "forge-std"
version = "1.9.2"
url = "https://soldeer-revisions.s3.amazonaws.com/forge-std/1_9_2_06-08-2024_17:31:25_forge-std-1.9.2.zip"
checksum = "20fd008c7c69b6c737cc0284469d1c76497107bc3e004d8381f6d8781cb27980"
integrity = "f49457fb6591f0dfd8b59e02e6eb4508a115ef08a86b0803feb0a3939d82d783"

[[dependencies]]
name = "openzeppelin-foundry-upgrades"
version = "0.3.2"
url = "https://soldeer-revisions.s3.amazonaws.com/openzeppelin-foundry-upgrades/0_3_2_15-08-2024_13:33:43_openzeppelin-foundry-upgrades.zip"
checksum = "664262fe158570c0b9742f18ac101b708ac5e4d4534daec321a47eeee200f225"
integrity = "b5a783983733496162d86d73194c1da0608b82a1e3262eff4d1daec6c8509239"
