{
  "name": "v2",
  "version": "1.0.0",
  "lockfileVersion": 3,
  "requires": true,
  "packages": {
    "": {
      "name": "v2",
      "version": "1.0.0",
      "license": "ISC",
      "devDependencies": {
        "ds-test": "github:dapphub/ds-test",
        "forge-std": "github:foundry-rs/forge-std"
      }
    },
    "node_modules/ds-test": {
      "version": "1.0.0",
      "resolved": "git+ssh://git@github.com/dapphub/ds-test.git#e282159d5170298eb2455a6c05280ab5a73a4ef0",
      "dev": true,
      "license": "GPL-3.0"
    },
    "node_modules/forge-std": {
      "version": "1.9.1",
      "resolved": "git+ssh://git@github.com/foundry-rs/forge-std.git#c28115db8d90ebffb41953cf83aac63130f4bd40",
      "dev": true,
      "license": "(Apache-2.0 OR MIT)"
    }
  }
}
