{
  "name": "v2",
  "version": "1.0.0",
  "lockfileVersion": 3,
  "requires": true,
  "packages": {
    "": {
      "name": "v2",
      "version": "1.0.0",
      "license": "ISC",
      "dependencies": {
        "@openzeppelin/contracts": "^5.0.2",
        "@openzeppelin/contracts-upgradeable": "^5.0.2"
      },
      "devDependencies": {
        "ds-test": "github:dapphub/ds-test",
        "forge-std": "github:foundry-rs/forge-std"
      }
    },
    "node_modules/@openzeppelin/contracts": {
      "version": "5.0.2",
      "resolved": "https://registry.npmjs.org/@openzeppelin/contracts/-/contracts-5.0.2.tgz",
      "integrity": "sha512-ytPc6eLGcHHnapAZ9S+5qsdomhjo6QBHTDRRBFfTxXIpsicMhVPouPgmUPebZZZGX7vt9USA+Z+0M0dSVtSUEA=="
    },
    "node_modules/@openzeppelin/contracts-upgradeable": {
      "version": "5.0.2",
      "resolved": "https://registry.npmjs.org/@openzeppelin/contracts-upgradeable/-/contracts-upgradeable-5.0.2.tgz",
      "integrity": "sha512-0MmkHSHiW2NRFiT9/r5Lu4eJq5UJ4/tzlOgYXNAIj/ONkQTVnz22pLxDvp4C4uZ9he7ZFvGn3Driptn1/iU7tQ==",
      "peerDependencies": {
        "@openzeppelin/contracts": "5.0.2"
      }
    },
    "node_modules/ds-test": {
      "version": "1.0.0",
      "resolved": "git+ssh://git@github.com/dapphub/ds-test.git#e282159d5170298eb2455a6c05280ab5a73a4ef0",
      "dev": true,
      "license": "GPL-3.0"
    },
    "node_modules/forge-std": {
      "version": "1.9.1",
      "resolved": "git+ssh://git@github.com/foundry-rs/forge-std.git#c28115db8d90ebffb41953cf83aac63130f4bd40",
      "dev": true,
      "license": "(Apache-2.0 OR MIT)"
    }
  }
}
